PODS:
  - Masonry (1.1.0)
  - MJRefresh (3.6.1)
  - SDWebImage (5.12.3):
    - SDWebImage/Core (= 5.12.3)
  - SDWebImage/Core (5.12.3)
  - YYModel (1.0.4)

DEPENDENCIES:
  - Masonry
  - MJRefresh
  - SDWebImage (~> 5.0)
  - YYModel

SPEC REPOS:
  trunk:
    - Masonry
    - MJRefresh
    - SDWebImage
    - YYModel

SPEC CHECKSUMS:
  Masonry: 678fab65091a9290e40e2832a55e7ab731aad201
  MJRefresh: d2c1970d1cf6e77fcfcdfe76c943dfab8dbfa5c1
  SDWebImage: 53179a2dba77246efa8a9b85f5c5b21f8f43e38f
  YYModel: 2a7fdd96aaa4b86a824e26d0c517de8928c04b30

PODFILE CHECKSUM: 3cbe7d82497eb7ab8bd7a11a31a2ac2cc0cab98b

COCOAPODS: 1.10.1
