// !$*UTF8*$!
{
	archiveVersion = 1;
	classes = {
	};
	objectVersion = 51;
	objects = {

/* Begin PBXBuildFile section */
		8408E19C277D5AE7002A1CBA /* AppDelegate.m in Sources */ = {isa = PBXBuildFile; fileRef = 8408E19B277D5AE7002A1CBA /* AppDelegate.m */; };
		8408E19F277D5AE7002A1CBA /* SceneDelegate.m in Sources */ = {isa = PBXBuildFile; fileRef = 8408E19E277D5AE7002A1CBA /* SceneDelegate.m */; };
		8408E1A2277D5AE7002A1CBA /* ViewController.m in Sources */ = {isa = PBXBuildFile; fileRef = 8408E1A1277D5AE7002A1CBA /* ViewController.m */; };
		8408E1A5277D5AE7002A1CBA /* Main.storyboard in Resources */ = {isa = PBXBuildFile; fileRef = 8408E1A3277D5AE7002A1CBA /* Main.storyboard */; };
		8408E1A7277D5AF7002A1CBA /* Assets.xcassets in Resources */ = {isa = PBXBuildFile; fileRef = 8408E1A6277D5AF7002A1CBA /* Assets.xcassets */; };
		8408E1AA277D5AF7002A1CBA /* LaunchScreen.storyboard in Resources */ = {isa = PBXBuildFile; fileRef = 8408E1A8277D5AF7002A1CBA /* LaunchScreen.storyboard */; };
		8408E1AD277D5AF7002A1CBA /* main.m in Sources */ = {isa = PBXBuildFile; fileRef = 8408E1AC277D5AF7002A1CBA /* main.m */; };
		8408E1BA277EAF95002A1CBA /* LZBaseViewController.m in Sources */ = {isa = PBXBuildFile; fileRef = 8408E1B9277EAF95002A1CBA /* LZBaseViewController.m */; };
		8408E1BE277ED678002A1CBA /* LZRootCellModel.m in Sources */ = {isa = PBXBuildFile; fileRef = 8408E1BD277ED678002A1CBA /* LZRootCellModel.m */; };
		8408E1C1277EE1AB002A1CBA /* RootCell.json in Resources */ = {isa = PBXBuildFile; fileRef = 8408E1C0277EE1AB002A1CBA /* RootCell.json */; };
		8408E1C6277EFBAE002A1CBA /* LZCustomCameraViewController.m in Sources */ = {isa = PBXBuildFile; fileRef = 8408E1C5277EFBAE002A1CBA /* LZCustomCameraViewController.m */; };
		84112CAC278538D5000D19C1 /* LZVideoRecordingViewController.m in Sources */ = {isa = PBXBuildFile; fileRef = 84112CAB278538D5000D19C1 /* LZVideoRecordingViewController.m */; };
		84112CB0278580E7000D19C1 /* LZCameraView.m in Sources */ = {isa = PBXBuildFile; fileRef = 84112CAF278580E7000D19C1 /* LZCameraView.m */; };
		84B153912787023000A03D98 /* LZPhoneManager.m in Sources */ = {isa = PBXBuildFile; fileRef = 84B153902787023000A03D98 /* LZPhoneManager.m */; };
		FD47F77E9C5EA1D592DF3B54 /* Pods_AVFoundation.framework in Frameworks */ = {isa = PBXBuildFile; fileRef = A1E278DA8B9256B40D6B6B69 /* Pods_AVFoundation.framework */; };
/* End PBXBuildFile section */

/* Begin PBXFileReference section */
		64AB6BF689502C359D3BE000 /* Pods-AVFoundation.debug.xcconfig */ = {isa = PBXFileReference; includeInIndex = 1; lastKnownFileType = text.xcconfig; name = "Pods-AVFoundation.debug.xcconfig"; path = "Target Support Files/Pods-AVFoundation/Pods-AVFoundation.debug.xcconfig"; sourceTree = "<group>"; };
		7BD743540D75CFC782ED4CF8 /* Pods-AVFoundation.release.xcconfig */ = {isa = PBXFileReference; includeInIndex = 1; lastKnownFileType = text.xcconfig; name = "Pods-AVFoundation.release.xcconfig"; path = "Target Support Files/Pods-AVFoundation/Pods-AVFoundation.release.xcconfig"; sourceTree = "<group>"; };
		8408E197277D5AE7002A1CBA /* AVFoundation.app */ = {isa = PBXFileReference; explicitFileType = wrapper.application; includeInIndex = 0; path = AVFoundation.app; sourceTree = BUILT_PRODUCTS_DIR; };
		8408E19A277D5AE7002A1CBA /* AppDelegate.h */ = {isa = PBXFileReference; lastKnownFileType = sourcecode.c.h; path = AppDelegate.h; sourceTree = "<group>"; };
		8408E19B277D5AE7002A1CBA /* AppDelegate.m */ = {isa = PBXFileReference; lastKnownFileType = sourcecode.c.objc; path = AppDelegate.m; sourceTree = "<group>"; };
		8408E19D277D5AE7002A1CBA /* SceneDelegate.h */ = {isa = PBXFileReference; lastKnownFileType = sourcecode.c.h; path = SceneDelegate.h; sourceTree = "<group>"; };
		8408E19E277D5AE7002A1CBA /* SceneDelegate.m */ = {isa = PBXFileReference; lastKnownFileType = sourcecode.c.objc; path = SceneDelegate.m; sourceTree = "<group>"; };
		8408E1A0277D5AE7002A1CBA /* ViewController.h */ = {isa = PBXFileReference; lastKnownFileType = sourcecode.c.h; path = ViewController.h; sourceTree = "<group>"; };
		8408E1A1277D5AE7002A1CBA /* ViewController.m */ = {isa = PBXFileReference; lastKnownFileType = sourcecode.c.objc; path = ViewController.m; sourceTree = "<group>"; };
		8408E1A4277D5AE7002A1CBA /* Base */ = {isa = PBXFileReference; lastKnownFileType = file.storyboard; name = Base; path = Base.lproj/Main.storyboard; sourceTree = "<group>"; };
		8408E1A6277D5AF7002A1CBA /* Assets.xcassets */ = {isa = PBXFileReference; lastKnownFileType = folder.assetcatalog; path = Assets.xcassets; sourceTree = "<group>"; };
		8408E1A9277D5AF7002A1CBA /* Base */ = {isa = PBXFileReference; lastKnownFileType = file.storyboard; name = Base; path = Base.lproj/LaunchScreen.storyboard; sourceTree = "<group>"; };
		8408E1AB277D5AF7002A1CBA /* Info.plist */ = {isa = PBXFileReference; lastKnownFileType = text.plist.xml; path = Info.plist; sourceTree = "<group>"; };
		8408E1AC277D5AF7002A1CBA /* main.m */ = {isa = PBXFileReference; lastKnownFileType = sourcecode.c.objc; path = main.m; sourceTree = "<group>"; };
		8408E1B4277EAB97002A1CBA /* AVFoundationPrefix.pch */ = {isa = PBXFileReference; lastKnownFileType = sourcecode.c.h; path = AVFoundationPrefix.pch; sourceTree = "<group>"; };
		8408E1B6277EAE90002A1CBA /* LZAVFoundationMacro.h */ = {isa = PBXFileReference; lastKnownFileType = sourcecode.c.h; path = LZAVFoundationMacro.h; sourceTree = "<group>"; };
		8408E1B8277EAF95002A1CBA /* LZBaseViewController.h */ = {isa = PBXFileReference; lastKnownFileType = sourcecode.c.h; path = LZBaseViewController.h; sourceTree = "<group>"; };
		8408E1B9277EAF95002A1CBA /* LZBaseViewController.m */ = {isa = PBXFileReference; lastKnownFileType = sourcecode.c.objc; path = LZBaseViewController.m; sourceTree = "<group>"; };
		8408E1BC277ED678002A1CBA /* LZRootCellModel.h */ = {isa = PBXFileReference; lastKnownFileType = sourcecode.c.h; path = LZRootCellModel.h; sourceTree = "<group>"; };
		8408E1BD277ED678002A1CBA /* LZRootCellModel.m */ = {isa = PBXFileReference; lastKnownFileType = sourcecode.c.objc; path = LZRootCellModel.m; sourceTree = "<group>"; };
		8408E1C0277EE1AB002A1CBA /* RootCell.json */ = {isa = PBXFileReference; lastKnownFileType = text.json; path = RootCell.json; sourceTree = "<group>"; };
		8408E1C4277EFBAE002A1CBA /* LZCustomCameraViewController.h */ = {isa = PBXFileReference; lastKnownFileType = sourcecode.c.h; path = LZCustomCameraViewController.h; sourceTree = "<group>"; };
		8408E1C5277EFBAE002A1CBA /* LZCustomCameraViewController.m */ = {isa = PBXFileReference; lastKnownFileType = sourcecode.c.objc; path = LZCustomCameraViewController.m; sourceTree = "<group>"; };
		84112CAA278538D5000D19C1 /* LZVideoRecordingViewController.h */ = {isa = PBXFileReference; lastKnownFileType = sourcecode.c.h; path = LZVideoRecordingViewController.h; sourceTree = "<group>"; };
		84112CAB278538D5000D19C1 /* LZVideoRecordingViewController.m */ = {isa = PBXFileReference; lastKnownFileType = sourcecode.c.objc; path = LZVideoRecordingViewController.m; sourceTree = "<group>"; };
		84112CAE278580E7000D19C1 /* LZCameraView.h */ = {isa = PBXFileReference; lastKnownFileType = sourcecode.c.h; path = LZCameraView.h; sourceTree = "<group>"; };
		84112CAF278580E7000D19C1 /* LZCameraView.m */ = {isa = PBXFileReference; lastKnownFileType = sourcecode.c.objc; path = LZCameraView.m; sourceTree = "<group>"; };
		84B1538F2787023000A03D98 /* LZPhoneManager.h */ = {isa = PBXFileReference; lastKnownFileType = sourcecode.c.h; path = LZPhoneManager.h; sourceTree = "<group>"; };
		84B153902787023000A03D98 /* LZPhoneManager.m */ = {isa = PBXFileReference; lastKnownFileType = sourcecode.c.objc; path = LZPhoneManager.m; sourceTree = "<group>"; };
		A1E278DA8B9256B40D6B6B69 /* Pods_AVFoundation.framework */ = {isa = PBXFileReference; explicitFileType = wrapper.framework; includeInIndex = 0; path = Pods_AVFoundation.framework; sourceTree = BUILT_PRODUCTS_DIR; };
/* End PBXFileReference section */

/* Begin PBXFrameworksBuildPhase section */
		8408E194277D5AE7002A1CBA /* Frameworks */ = {
			isa = PBXFrameworksBuildPhase;
			buildActionMask = 2147483647;
			files = (
				FD47F77E9C5EA1D592DF3B54 /* Pods_AVFoundation.framework in Frameworks */,
			);
			runOnlyForDeploymentPostprocessing = 0;
		};
/* End PBXFrameworksBuildPhase section */

/* Begin PBXGroup section */
		1995EC3DEDB2CAF297035112 /* Frameworks */ = {
			isa = PBXGroup;
			children = (
				A1E278DA8B9256B40D6B6B69 /* Pods_AVFoundation.framework */,
			);
			name = Frameworks;
			sourceTree = "<group>";
		};
		8408E18E277D5AE7002A1CBA = {
			isa = PBXGroup;
			children = (
				8408E199277D5AE7002A1CBA /* AVFoundation */,
				8408E198277D5AE7002A1CBA /* Products */,
				907B02D7667C3B8CF67906D2 /* Pods */,
				1995EC3DEDB2CAF297035112 /* Frameworks */,
			);
			sourceTree = "<group>";
		};
		8408E198277D5AE7002A1CBA /* Products */ = {
			isa = PBXGroup;
			children = (
				8408E197277D5AE7002A1CBA /* AVFoundation.app */,
			);
			name = Products;
			sourceTree = "<group>";
		};
		8408E199277D5AE7002A1CBA /* AVFoundation */ = {
			isa = PBXGroup;
			children = (
				8408E1B5277EAE0C002A1CBA /* Common */,
				8408E1BB277ECDE2002A1CBA /* AVFoundation */,
				8408E1B7277EAEA7002A1CBA /* Root */,
				8408E1B3277EAAFF002A1CBA /* Supporting */,
				8408E19A277D5AE7002A1CBA /* AppDelegate.h */,
				8408E19B277D5AE7002A1CBA /* AppDelegate.m */,
			);
			path = AVFoundation;
			sourceTree = "<group>";
		};
		8408E1B3277EAAFF002A1CBA /* Supporting */ = {
			isa = PBXGroup;
			children = (
				8408E1AB277D5AF7002A1CBA /* Info.plist */,
				8408E1AC277D5AF7002A1CBA /* main.m */,
				8408E19D277D5AE7002A1CBA /* SceneDelegate.h */,
				8408E19E277D5AE7002A1CBA /* SceneDelegate.m */,
				8408E1A3277D5AE7002A1CBA /* Main.storyboard */,
				8408E1A6277D5AF7002A1CBA /* Assets.xcassets */,
				8408E1A8277D5AF7002A1CBA /* LaunchScreen.storyboard */,
				8408E1B4277EAB97002A1CBA /* AVFoundationPrefix.pch */,
			);
			path = Supporting;
			sourceTree = "<group>";
		};
		8408E1B5277EAE0C002A1CBA /* Common */ = {
			isa = PBXGroup;
			children = (
				8408E1B6277EAE90002A1CBA /* LZAVFoundationMacro.h */,
				8408E1B8277EAF95002A1CBA /* LZBaseViewController.h */,
				8408E1B9277EAF95002A1CBA /* LZBaseViewController.m */,
			);
			path = Common;
			sourceTree = "<group>";
		};
		8408E1B7277EAEA7002A1CBA /* Root */ = {
			isa = PBXGroup;
			children = (
				8408E1C2277EE7CA002A1CBA /* Model */,
				8408E1BF277ED6D4002A1CBA /* Res */,
				8408E1A0277D5AE7002A1CBA /* ViewController.h */,
				8408E1A1277D5AE7002A1CBA /* ViewController.m */,
			);
			path = Root;
			sourceTree = "<group>";
		};
		8408E1BB277ECDE2002A1CBA /* AVFoundation */ = {
			isa = PBXGroup;
			children = (
				84B1538E2787020700A03D98 /* manager */,
				84112CAD278580CF000D19C1 /* View */,
				8408E1C3277EFB5C002A1CBA /* Controller */,
			);
			path = AVFoundation;
			sourceTree = "<group>";
		};
		8408E1BF277ED6D4002A1CBA /* Res */ = {
			isa = PBXGroup;
			children = (
				8408E1C0277EE1AB002A1CBA /* RootCell.json */,
			);
			path = Res;
			sourceTree = "<group>";
		};
		8408E1C2277EE7CA002A1CBA /* Model */ = {
			isa = PBXGroup;
			children = (
				8408E1BC277ED678002A1CBA /* LZRootCellModel.h */,
				8408E1BD277ED678002A1CBA /* LZRootCellModel.m */,
			);
			path = Model;
			sourceTree = "<group>";
		};
		8408E1C3277EFB5C002A1CBA /* Controller */ = {
			isa = PBXGroup;
			children = (
				8408E1C4277EFBAE002A1CBA /* LZCustomCameraViewController.h */,
				8408E1C5277EFBAE002A1CBA /* LZCustomCameraViewController.m */,
				84112CAA278538D5000D19C1 /* LZVideoRecordingViewController.h */,
				84112CAB278538D5000D19C1 /* LZVideoRecordingViewController.m */,
			);
			path = Controller;
			sourceTree = "<group>";
		};
		84112CAD278580CF000D19C1 /* View */ = {
			isa = PBXGroup;
			children = (
				84112CAE278580E7000D19C1 /* LZCameraView.h */,
				84112CAF278580E7000D19C1 /* LZCameraView.m */,
			);
			path = View;
			sourceTree = "<group>";
		};
		84B1538E2787020700A03D98 /* manager */ = {
			isa = PBXGroup;
			children = (
				84B1538F2787023000A03D98 /* LZPhoneManager.h */,
				84B153902787023000A03D98 /* LZPhoneManager.m */,
			);
			path = manager;
			sourceTree = "<group>";
		};
		907B02D7667C3B8CF67906D2 /* Pods */ = {
			isa = PBXGroup;
			children = (
				64AB6BF689502C359D3BE000 /* Pods-AVFoundation.debug.xcconfig */,
				7BD743540D75CFC782ED4CF8 /* Pods-AVFoundation.release.xcconfig */,
			);
			path = Pods;
			sourceTree = "<group>";
		};
/* End PBXGroup section */

/* Begin PBXNativeTarget section */
		8408E196277D5AE7002A1CBA /* AVFoundation */ = {
			isa = PBXNativeTarget;
			buildConfigurationList = 8408E1B0277D5AF7002A1CBA /* Build configuration list for PBXNativeTarget "AVFoundation" */;
			buildPhases = (
				BECDCCB2BF7044A321ADB60C /* [CP] Check Pods Manifest.lock */,
				8408E193277D5AE7002A1CBA /* Sources */,
				8408E194277D5AE7002A1CBA /* Frameworks */,
				8408E195277D5AE7002A1CBA /* Resources */,
				DE25E428632E15C072BA86A3 /* [CP] Embed Pods Frameworks */,
			);
			buildRules = (
			);
			dependencies = (
			);
			name = AVFoundation;
			productName = AVFoundation;
			productReference = 8408E197277D5AE7002A1CBA /* AVFoundation.app */;
			productType = "com.apple.product-type.application";
		};
/* End PBXNativeTarget section */

/* Begin PBXProject section */
		8408E18F277D5AE7002A1CBA /* Project object */ = {
			isa = PBXProject;
			attributes = {
				LastUpgradeCheck = 1250;
				TargetAttributes = {
					8408E196277D5AE7002A1CBA = {
						CreatedOnToolsVersion = 12.5;
					};
				};
			};
			buildConfigurationList = 8408E192277D5AE7002A1CBA /* Build configuration list for PBXProject "AVFoundation" */;
			compatibilityVersion = "Xcode 9.3";
			developmentRegion = en;
			hasScannedForEncodings = 0;
			knownRegions = (
				en,
				Base,
			);
			mainGroup = 8408E18E277D5AE7002A1CBA;
			productRefGroup = 8408E198277D5AE7002A1CBA /* Products */;
			projectDirPath = "";
			projectRoot = "";
			targets = (
				8408E196277D5AE7002A1CBA /* AVFoundation */,
			);
		};
/* End PBXProject section */

/* Begin PBXResourcesBuildPhase section */
		8408E195277D5AE7002A1CBA /* Resources */ = {
			isa = PBXResourcesBuildPhase;
			buildActionMask = 2147483647;
			files = (
				8408E1AA277D5AF7002A1CBA /* LaunchScreen.storyboard in Resources */,
				8408E1C1277EE1AB002A1CBA /* RootCell.json in Resources */,
				8408E1A7277D5AF7002A1CBA /* Assets.xcassets in Resources */,
				8408E1A5277D5AE7002A1CBA /* Main.storyboard in Resources */,
			);
			runOnlyForDeploymentPostprocessing = 0;
		};
/* End PBXResourcesBuildPhase section */

/* Begin PBXShellScriptBuildPhase section */
		BECDCCB2BF7044A321ADB60C /* [CP] Check Pods Manifest.lock */ = {
			isa = PBXShellScriptBuildPhase;
			buildActionMask = 2147483647;
			files = (
			);
			inputFileListPaths = (
			);
			inputPaths = (
				"${PODS_PODFILE_DIR_PATH}/Podfile.lock",
				"${PODS_ROOT}/Manifest.lock",
			);
			name = "[CP] Check Pods Manifest.lock";
			outputFileListPaths = (
			);
			outputPaths = (
				"$(DERIVED_FILE_DIR)/Pods-AVFoundation-checkManifestLockResult.txt",
			);
			runOnlyForDeploymentPostprocessing = 0;
			shellPath = /bin/sh;
			shellScript = "diff \"${PODS_PODFILE_DIR_PATH}/Podfile.lock\" \"${PODS_ROOT}/Manifest.lock\" > /dev/null\nif [ $? != 0 ] ; then\n    # print error to STDERR\n    echo \"error: The sandbox is not in sync with the Podfile.lock. Run 'pod install' or update your CocoaPods installation.\" >&2\n    exit 1\nfi\n# This output is used by Xcode 'outputs' to avoid re-running this script phase.\necho \"SUCCESS\" > \"${SCRIPT_OUTPUT_FILE_0}\"\n";
			showEnvVarsInLog = 0;
		};
		DE25E428632E15C072BA86A3 /* [CP] Embed Pods Frameworks */ = {
			isa = PBXShellScriptBuildPhase;
			buildActionMask = 2147483647;
			files = (
			);
			inputFileListPaths = (
				"${PODS_ROOT}/Target Support Files/Pods-AVFoundation/Pods-AVFoundation-frameworks-${CONFIGURATION}-input-files.xcfilelist",
			);
			name = "[CP] Embed Pods Frameworks";
			outputFileListPaths = (
				"${PODS_ROOT}/Target Support Files/Pods-AVFoundation/Pods-AVFoundation-frameworks-${CONFIGURATION}-output-files.xcfilelist",
			);
			runOnlyForDeploymentPostprocessing = 0;
			shellPath = /bin/sh;
			shellScript = "\"${PODS_ROOT}/Target Support Files/Pods-AVFoundation/Pods-AVFoundation-frameworks.sh\"\n";
			showEnvVarsInLog = 0;
		};
/* End PBXShellScriptBuildPhase section */

/* Begin PBXSourcesBuildPhase section */
		8408E193277D5AE7002A1CBA /* Sources */ = {
			isa = PBXSourcesBuildPhase;
			buildActionMask = 2147483647;
			files = (
				84112CB0278580E7000D19C1 /* LZCameraView.m in Sources */,
				84112CAC278538D5000D19C1 /* LZVideoRecordingViewController.m in Sources */,
				8408E1BA277EAF95002A1CBA /* LZBaseViewController.m in Sources */,
				8408E1BE277ED678002A1CBA /* LZRootCellModel.m in Sources */,
				84B153912787023000A03D98 /* LZPhoneManager.m in Sources */,
				8408E1A2277D5AE7002A1CBA /* ViewController.m in Sources */,
				8408E1C6277EFBAE002A1CBA /* LZCustomCameraViewController.m in Sources */,
				8408E19C277D5AE7002A1CBA /* AppDelegate.m in Sources */,
				8408E1AD277D5AF7002A1CBA /* main.m in Sources */,
				8408E19F277D5AE7002A1CBA /* SceneDelegate.m in Sources */,
			);
			runOnlyForDeploymentPostprocessing = 0;
		};
/* End PBXSourcesBuildPhase section */

/* Begin PBXVariantGroup section */
		8408E1A3277D5AE7002A1CBA /* Main.storyboard */ = {
			isa = PBXVariantGroup;
			children = (
				8408E1A4277D5AE7002A1CBA /* Base */,
			);
			name = Main.storyboard;
			sourceTree = "<group>";
		};
		8408E1A8277D5AF7002A1CBA /* LaunchScreen.storyboard */ = {
			isa = PBXVariantGroup;
			children = (
				8408E1A9277D5AF7002A1CBA /* Base */,
			);
			name = LaunchScreen.storyboard;
			sourceTree = "<group>";
		};
/* End PBXVariantGroup section */

/* Begin XCBuildConfiguration section */
		8408E1AE277D5AF7002A1CBA /* Debug */ = {
			isa = XCBuildConfiguration;
			buildSettings = {
				ALWAYS_SEARCH_USER_PATHS = NO;
				CLANG_ANALYZER_NONNULL = YES;
				CLANG_ANALYZER_NUMBER_OBJECT_CONVERSION = YES_AGGRESSIVE;
				CLANG_CXX_LANGUAGE_STANDARD = "gnu++14";
				CLANG_CXX_LIBRARY = "libc++";
				CLANG_ENABLE_MODULES = YES;
				CLANG_ENABLE_OBJC_ARC = YES;
				CLANG_ENABLE_OBJC_WEAK = YES;
				CLANG_WARN_BLOCK_CAPTURE_AUTORELEASING = YES;
				CLANG_WARN_BOOL_CONVERSION = YES;
				CLANG_WARN_COMMA = YES;
				CLANG_WARN_CONSTANT_CONVERSION = YES;
				CLANG_WARN_DEPRECATED_OBJC_IMPLEMENTATIONS = YES;
				CLANG_WARN_DIRECT_OBJC_ISA_USAGE = YES_ERROR;
				CLANG_WARN_DOCUMENTATION_COMMENTS = YES;
				CLANG_WARN_EMPTY_BODY = YES;
				CLANG_WARN_ENUM_CONVERSION = YES;
				CLANG_WARN_INFINITE_RECURSION = YES;
				CLANG_WARN_INT_CONVERSION = YES;
				CLANG_WARN_NON_LITERAL_NULL_CONVERSION = YES;
				CLANG_WARN_OBJC_IMPLICIT_RETAIN_SELF = YES;
				CLANG_WARN_OBJC_LITERAL_CONVERSION = YES;
				CLANG_WARN_OBJC_ROOT_CLASS = YES_ERROR;
				CLANG_WARN_QUOTED_INCLUDE_IN_FRAMEWORK_HEADER = YES;
				CLANG_WARN_RANGE_LOOP_ANALYSIS = YES;
				CLANG_WARN_STRICT_PROTOTYPES = YES;
				CLANG_WARN_SUSPICIOUS_MOVE = YES;
				CLANG_WARN_UNGUARDED_AVAILABILITY = YES_AGGRESSIVE;
				CLANG_WARN_UNREACHABLE_CODE = YES;
				CLANG_WARN__DUPLICATE_METHOD_MATCH = YES;
				COPY_PHASE_STRIP = NO;
				DEBUG_INFORMATION_FORMAT = dwarf;
				ENABLE_STRICT_OBJC_MSGSEND = YES;
				ENABLE_TESTABILITY = YES;
				GCC_C_LANGUAGE_STANDARD = gnu11;
				GCC_DYNAMIC_NO_PIC = NO;
				GCC_NO_COMMON_BLOCKS = YES;
				GCC_OPTIMIZATION_LEVEL = 0;
				GCC_PREPROCESSOR_DEFINITIONS = (
					"DEBUG=1",
					"$(inherited)",
				);
				GCC_WARN_64_TO_32_BIT_CONVERSION = YES;
				GCC_WARN_ABOUT_RETURN_TYPE = YES_ERROR;
				GCC_WARN_UNDECLARED_SELECTOR = YES;
				GCC_WARN_UNINITIALIZED_AUTOS = YES_AGGRESSIVE;
				GCC_WARN_UNUSED_FUNCTION = YES;
				GCC_WARN_UNUSED_VARIABLE = YES;
				IPHONEOS_DEPLOYMENT_TARGET = 14.5;
				MTL_ENABLE_DEBUG_INFO = INCLUDE_SOURCE;
				MTL_FAST_MATH = YES;
				ONLY_ACTIVE_ARCH = YES;
				SDKROOT = iphoneos;
			};
			name = Debug;
		};
		8408E1AF277D5AF7002A1CBA /* Release */ = {
			isa = XCBuildConfiguration;
			buildSettings = {
				ALWAYS_SEARCH_USER_PATHS = NO;
				CLANG_ANALYZER_NONNULL = YES;
				CLANG_ANALYZER_NUMBER_OBJECT_CONVERSION = YES_AGGRESSIVE;
				CLANG_CXX_LANGUAGE_STANDARD = "gnu++14";
				CLANG_CXX_LIBRARY = "libc++";
				CLANG_ENABLE_MODULES = YES;
				CLANG_ENABLE_OBJC_ARC = YES;
				CLANG_ENABLE_OBJC_WEAK = YES;
				CLANG_WARN_BLOCK_CAPTURE_AUTORELEASING = YES;
				CLANG_WARN_BOOL_CONVERSION = YES;
				CLANG_WARN_COMMA = YES;
				CLANG_WARN_CONSTANT_CONVERSION = YES;
				CLANG_WARN_DEPRECATED_OBJC_IMPLEMENTATIONS = YES;
				CLANG_WARN_DIRECT_OBJC_ISA_USAGE = YES_ERROR;
				CLANG_WARN_DOCUMENTATION_COMMENTS = YES;
				CLANG_WARN_EMPTY_BODY = YES;
				CLANG_WARN_ENUM_CONVERSION = YES;
				CLANG_WARN_INFINITE_RECURSION = YES;
				CLANG_WARN_INT_CONVERSION = YES;
				CLANG_WARN_NON_LITERAL_NULL_CONVERSION = YES;
				CLANG_WARN_OBJC_IMPLICIT_RETAIN_SELF = YES;
				CLANG_WARN_OBJC_LITERAL_CONVERSION = YES;
				CLANG_WARN_OBJC_ROOT_CLASS = YES_ERROR;
				CLANG_WARN_QUOTED_INCLUDE_IN_FRAMEWORK_HEADER = YES;
				CLANG_WARN_RANGE_LOOP_ANALYSIS = YES;
				CLANG_WARN_STRICT_PROTOTYPES = YES;
				CLANG_WARN_SUSPICIOUS_MOVE = YES;
				CLANG_WARN_UNGUARDED_AVAILABILITY = YES_AGGRESSIVE;
				CLANG_WARN_UNREACHABLE_CODE = YES;
				CLANG_WARN__DUPLICATE_METHOD_MATCH = YES;
				COPY_PHASE_STRIP = NO;
				DEBUG_INFORMATION_FORMAT = "dwarf-with-dsym";
				ENABLE_NS_ASSERTIONS = NO;
				ENABLE_STRICT_OBJC_MSGSEND = YES;
				GCC_C_LANGUAGE_STANDARD = gnu11;
				GCC_NO_COMMON_BLOCKS = YES;
				GCC_WARN_64_TO_32_BIT_CONVERSION = YES;
				GCC_WARN_ABOUT_RETURN_TYPE = YES_ERROR;
				GCC_WARN_UNDECLARED_SELECTOR = YES;
				GCC_WARN_UNINITIALIZED_AUTOS = YES_AGGRESSIVE;
				GCC_WARN_UNUSED_FUNCTION = YES;
				GCC_WARN_UNUSED_VARIABLE = YES;
				IPHONEOS_DEPLOYMENT_TARGET = 14.5;
				MTL_ENABLE_DEBUG_INFO = NO;
				MTL_FAST_MATH = YES;
				SDKROOT = iphoneos;
				VALIDATE_PRODUCT = YES;
			};
			name = Release;
		};
		8408E1B1277D5AF7002A1CBA /* Debug */ = {
			isa = XCBuildConfiguration;
			baseConfigurationReference = 64AB6BF689502C359D3BE000 /* Pods-AVFoundation.debug.xcconfig */;
			buildSettings = {
				ASSETCATALOG_COMPILER_APPICON_NAME = AppIcon;
				ASSETCATALOG_COMPILER_GLOBAL_ACCENT_COLOR_NAME = AccentColor;
				CODE_SIGN_IDENTITY = "iPhone Developer";
				CODE_SIGN_STYLE = Manual;
				DEVELOPMENT_TEAM = CLJ9U3K35F;
				GCC_PRECOMPILE_PREFIX_HEADER = YES;
				GCC_PREFIX_HEADER = AVFoundation/Supporting/AVFoundationPrefix.pch;
				INFOPLIST_FILE = AVFoundation/Supporting/Info.plist;
				IPHONEOS_DEPLOYMENT_TARGET = 13.0;
				LD_RUNPATH_SEARCH_PATHS = (
					"$(inherited)",
					"@executable_path/Frameworks",
				);
				PRODUCT_BUNDLE_IDENTIFIER = com.iflytek.ilightspeech;
				PRODUCT_NAME = "$(TARGET_NAME)";
				PROVISIONING_PROFILE_SPECIFIER = "ilightspeech-dev-20220107";
				TARGETED_DEVICE_FAMILY = "1,2";
			};
			name = Debug;
		};
		8408E1B2277D5AF7002A1CBA /* Release */ = {
			isa = XCBuildConfiguration;
			baseConfigurationReference = 7BD743540D75CFC782ED4CF8 /* Pods-AVFoundation.release.xcconfig */;
			buildSettings = {
				ASSETCATALOG_COMPILER_APPICON_NAME = AppIcon;
				ASSETCATALOG_COMPILER_GLOBAL_ACCENT_COLOR_NAME = AccentColor;
				CODE_SIGN_IDENTITY = "iPhone Developer";
				CODE_SIGN_STYLE = Manual;
				DEVELOPMENT_TEAM = CLJ9U3K35F;
				GCC_PRECOMPILE_PREFIX_HEADER = YES;
				GCC_PREFIX_HEADER = AVFoundation/Supporting/AVFoundationPrefix.pch;
				INFOPLIST_FILE = AVFoundation/Supporting/Info.plist;
				IPHONEOS_DEPLOYMENT_TARGET = 13.0;
				LD_RUNPATH_SEARCH_PATHS = (
					"$(inherited)",
					"@executable_path/Frameworks",
				);
				PRODUCT_BUNDLE_IDENTIFIER = com.iflytek.ilightspeech;
				PRODUCT_NAME = "$(TARGET_NAME)";
				PROVISIONING_PROFILE_SPECIFIER = "ilightspeech-dev-20220107";
				TARGETED_DEVICE_FAMILY = "1,2";
			};
			name = Release;
		};
/* End XCBuildConfiguration section */

/* Begin XCConfigurationList section */
		8408E192277D5AE7002A1CBA /* Build configuration list for PBXProject "AVFoundation" */ = {
			isa = XCConfigurationList;
			buildConfigurations = (
				8408E1AE277D5AF7002A1CBA /* Debug */,
				8408E1AF277D5AF7002A1CBA /* Release */,
			);
			defaultConfigurationIsVisible = 0;
			defaultConfigurationName = Release;
		};
		8408E1B0277D5AF7002A1CBA /* Build configuration list for PBXNativeTarget "AVFoundation" */ = {
			isa = XCConfigurationList;
			buildConfigurations = (
				8408E1B1277D5AF7002A1CBA /* Debug */,
				8408E1B2277D5AF7002A1CBA /* Release */,
			);
			defaultConfigurationIsVisible = 0;
			defaultConfigurationName = Release;
		};
/* End XCConfigurationList section */
	};
	rootObject = 8408E18F277D5AE7002A1CBA /* Project object */;
}
